// !$*UTF8*$!
{
	archiveVersion = 1;
	classes = {
	};
	objectVersion = 51;
	objects = {

/* Begin PBXBuildFile section */
		00F4421260B77C8ADBAA3D0F /* Pods_Alumni_ID.framework in Frameworks */ = {isa = PBXBuildFile; fileRef = C7E626B551B625DBB0337E8F /* Pods_Alumni_ID.framework */; };
		376B7F67245FC01E0065E7D7 /* AppDelegate.swift in Sources */ = {isa = PBXBuildFile; fileRef = 376B7F66245FC01E0065E7D7 /* AppDelegate.swift */; };
		376B7F69245FC01E0065E7D7 /* SceneDelegate.swift in Sources */ = {isa = PBXBuildFile; fileRef = 376B7F68245FC01E0065E7D7 /* SceneDelegate.swift */; };
		376B7F6B245FC01E0065E7D7 /* ViewController.swift in Sources */ = {isa = PBXBuildFile; fileRef = 376B7F6A245FC01E0065E7D7 /* ViewController.swift */; };
		376B7F6E245FC01E0065E7D7 /* Main.storyboard in Resources */ = {isa = PBXBuildFile; fileRef = 376B7F6C245FC01E0065E7D7 /* Main.storyboard */; };
		376B7F70245FC01E0065E7D7 /* Assets.xcassets in Resources */ = {isa = PBXBuildFile; fileRef = 376B7F6F245FC01E0065E7D7 /* Assets.xcassets */; };
		376B7F73245FC01E0065E7D7 /* LaunchScreen.storyboard in Resources */ = {isa = PBXBuildFile; fileRef = 376B7F71245FC01E0065E7D7 /* LaunchScreen.storyboard */; };
		376B7F7C245FC0360065E7D7 /* ViewController.swift in Sources */ = {isa = PBXBuildFile; fileRef = 376B7F6A245FC01E0065E7D7 /* ViewController.swift */; };
		376B7F7D245FC0360065E7D7 /* AppDelegate.swift in Sources */ = {isa = PBXBuildFile; fileRef = 376B7F66245FC01E0065E7D7 /* AppDelegate.swift */; };
		376B7F7E245FC0360065E7D7 /* SceneDelegate.swift in Sources */ = {isa = PBXBuildFile; fileRef = 376B7F68245FC01E0065E7D7 /* SceneDelegate.swift */; };
		376B7F81245FC0360065E7D7 /* LaunchScreen.storyboard in Resources */ = {isa = PBXBuildFile; fileRef = 376B7F71245FC01E0065E7D7 /* LaunchScreen.storyboard */; };
		376B7F82245FC0360065E7D7 /* Assets.xcassets in Resources */ = {isa = PBXBuildFile; fileRef = 376B7F6F245FC01E0065E7D7 /* Assets.xcassets */; };
		376B7F83245FC0360065E7D7 /* Main.storyboard in Resources */ = {isa = PBXBuildFile; fileRef = 376B7F6C245FC01E0065E7D7 /* Main.storyboard */; };
		376D4F262463B1FC00E51FED /* NotificationCenter.framework in Frameworks */ = {isa = PBXBuildFile; fileRef = 376D4F252463B1FC00E51FED /* NotificationCenter.framework */; };
		376D4F292463B1FC00E51FED /* TodayViewController.swift in Sources */ = {isa = PBXBuildFile; fileRef = 376D4F282463B1FC00E51FED /* TodayViewController.swift */; };
		376D4F2C2463B1FC00E51FED /* MainInterface.storyboard in Resources */ = {isa = PBXBuildFile; fileRef = 376D4F2A2463B1FC00E51FED /* MainInterface.storyboard */; };
		376D4F302463B1FC00E51FED /* Alumni ID Cards.appex in Embed App Extensions */ = {isa = PBXBuildFile; fileRef = 376D4F242463B1FC00E51FED /* Alumni ID Cards.appex */; settings = {ATTRIBUTES = (RemoveHeadersOnCopy, ); }; };
		E2E80FC1A61A50E1C0CDAD70 /* Pods_Idee_App.framework in Frameworks */ = {isa = PBXBuildFile; fileRef = CC3CFD3B19103E5E51369CA2 /* Pods_Idee_App.framework */; };
/* End PBXBuildFile section */

/* Begin PBXContainerItemProxy section */
		376D4F2E2463B1FC00E51FED /* PBXContainerItemProxy */ = {
			isa = PBXContainerItemProxy;
			containerPortal = 376B7F5B245FC01E0065E7D7 /* Project object */;
			proxyType = 1;
			remoteGlobalIDString = 376D4F232463B1FC00E51FED;
			remoteInfo = "Alumni ID Cards";
		};
/* End PBXContainerItemProxy section */

/* Begin PBXCopyFilesBuildPhase section */
		376D4F312463B1FC00E51FED /* Embed App Extensions */ = {
			isa = PBXCopyFilesBuildPhase;
			buildActionMask = 2147483647;
			dstPath = "";
			dstSubfolderSpec = 13;
			files = (
				376D4F302463B1FC00E51FED /* Alumni ID Cards.appex in Embed App Extensions */,
			);
			name = "Embed App Extensions";
			runOnlyForDeploymentPostprocessing = 0;
		};
/* End PBXCopyFilesBuildPhase section */

/* Begin PBXFileReference section */
		036EB9FA5C9DC1E6424DA9B7 /* Pods-Alumni ID.debug.xcconfig */ = {isa = PBXFileReference; includeInIndex = 1; lastKnownFileType = text.xcconfig; name = "Pods-Alumni ID.debug.xcconfig"; path = "Target Support Files/Pods-Alumni ID/Pods-Alumni ID.debug.xcconfig"; sourceTree = "<group>"; };
		208B014D0A4C023BB3465465 /* Pods-Idee App.development.xcconfig */ = {isa = PBXFileReference; includeInIndex = 1; lastKnownFileType = text.xcconfig; name = "Pods-Idee App.development.xcconfig"; path = "Target Support Files/Pods-Idee App/Pods-Idee App.development.xcconfig"; sourceTree = "<group>"; };
		25E1E2EAD67A26B4A7BA7692 /* Pods-Idee App.release.xcconfig */ = {isa = PBXFileReference; includeInIndex = 1; lastKnownFileType = text.xcconfig; name = "Pods-Idee App.release.xcconfig"; path = "Target Support Files/Pods-Idee App/Pods-Idee App.release.xcconfig"; sourceTree = "<group>"; };
		376B7F63245FC01E0065E7D7 /* Idee App.app */ = {isa = PBXFileReference; explicitFileType = wrapper.application; includeInIndex = 0; path = "Idee App.app"; sourceTree = BUILT_PRODUCTS_DIR; };
		376B7F66245FC01E0065E7D7 /* AppDelegate.swift */ = {isa = PBXFileReference; lastKnownFileType = sourcecode.swift; path = AppDelegate.swift; sourceTree = "<group>"; };
		376B7F68245FC01E0065E7D7 /* SceneDelegate.swift */ = {isa = PBXFileReference; lastKnownFileType = sourcecode.swift; path = SceneDelegate.swift; sourceTree = "<group>"; };
		376B7F6A245FC01E0065E7D7 /* ViewController.swift */ = {isa = PBXFileReference; lastKnownFileType = sourcecode.swift; path = ViewController.swift; sourceTree = "<group>"; };
		376B7F6D245FC01E0065E7D7 /* Base */ = {isa = PBXFileReference; lastKnownFileType = file.storyboard; name = Base; path = Base.lproj/Main.storyboard; sourceTree = "<group>"; };
		376B7F6F245FC01E0065E7D7 /* Assets.xcassets */ = {isa = PBXFileReference; lastKnownFileType = folder.assetcatalog; path = Assets.xcassets; sourceTree = "<group>"; };
		376B7F72245FC01E0065E7D7 /* Base */ = {isa = PBXFileReference; lastKnownFileType = file.storyboard; name = Base; path = Base.lproj/LaunchScreen.storyboard; sourceTree = "<group>"; };
		376B7F74245FC01E0065E7D7 /* Info.plist */ = {isa = PBXFileReference; lastKnownFileType = text.plist.xml; path = Info.plist; sourceTree = "<group>"; };
		376B7F87245FC0360065E7D7 /* Alumni ID.app */ = {isa = PBXFileReference; explicitFileType = wrapper.application; includeInIndex = 0; path = "Alumni ID.app"; sourceTree = BUILT_PRODUCTS_DIR; };
		376B7F88245FC0360065E7D7 /* Idee App copy-Info.plist */ = {isa = PBXFileReference; lastKnownFileType = text.plist.xml; name = "Idee App copy-Info.plist"; path = "/Users/samir/Documents/Mobile Projects/Git Actions test/Idee App/Idee App copy-Info.plist"; sourceTree = "<absolute>"; };
		376B7F8F245FC1DC0065E7D7 /* Alumni IDDevelopment.entitlements */ = {isa = PBXFileReference; lastKnownFileType = text.plist.entitlements; path = "Alumni IDDevelopment.entitlements"; sourceTree = "<group>"; };
		376D4F242463B1FC00E51FED /* Alumni ID Cards.appex */ = {isa = PBXFileReference; explicitFileType = "wrapper.app-extension"; includeInIndex = 0; path = "Alumni ID Cards.appex"; sourceTree = BUILT_PRODUCTS_DIR; };
		376D4F252463B1FC00E51FED /* NotificationCenter.framework */ = {isa = PBXFileReference; lastKnownFileType = wrapper.framework; name = NotificationCenter.framework; path = System/Library/Frameworks/NotificationCenter.framework; sourceTree = SDKROOT; };
		376D4F282463B1FC00E51FED /* TodayViewController.swift */ = {isa = PBXFileReference; lastKnownFileType = sourcecode.swift; path = TodayViewController.swift; sourceTree = "<group>"; };
		376D4F2B2463B1FC00E51FED /* Base */ = {isa = PBXFileReference; lastKnownFileType = file.storyboard; name = Base; path = Base.lproj/MainInterface.storyboard; sourceTree = "<group>"; };
		376D4F2D2463B1FC00E51FED /* Info.plist */ = {isa = PBXFileReference; lastKnownFileType = text.plist.xml; path = Info.plist; sourceTree = "<group>"; };
		376D4F362463B4D200E51FED /* Alumni IDDebug.entitlements */ = {isa = PBXFileReference; lastKnownFileType = text.plist.entitlements; path = "Alumni IDDebug.entitlements"; sourceTree = "<group>"; };
		376D4F372463B4DE00E51FED /* Alumni ID CardsDebug.entitlements */ = {isa = PBXFileReference; lastKnownFileType = text.plist.entitlements; path = "Alumni ID CardsDebug.entitlements"; sourceTree = "<group>"; };
		376D4F382463B4F400E51FED /* Alumni ID CardsDevelopment.entitlements */ = {isa = PBXFileReference; lastKnownFileType = text.plist.entitlements; path = "Alumni ID CardsDevelopment.entitlements"; sourceTree = "<group>"; };
		94EB9E372E5C585BD9D74417 /* Pods-Idee App.debug.xcconfig */ = {isa = PBXFileReference; includeInIndex = 1; lastKnownFileType = text.xcconfig; name = "Pods-Idee App.debug.xcconfig"; path = "Target Support Files/Pods-Idee App/Pods-Idee App.debug.xcconfig"; sourceTree = "<group>"; };
		A6BDC5774C9E47BB4D77E2E3 /* Pods-Alumni ID.release.xcconfig */ = {isa = PBXFileReference; includeInIndex = 1; lastKnownFileType = text.xcconfig; name = "Pods-Alumni ID.release.xcconfig"; path = "Target Support Files/Pods-Alumni ID/Pods-Alumni ID.release.xcconfig"; sourceTree = "<group>"; };
		C7E626B551B625DBB0337E8F /* Pods_Alumni_ID.framework */ = {isa = PBXFileReference; explicitFileType = wrapper.framework; includeInIndex = 0; path = Pods_Alumni_ID.framework; sourceTree = BUILT_PRODUCTS_DIR; };
		CC3CFD3B19103E5E51369CA2 /* Pods_Idee_App.framework */ = {isa = PBXFileReference; explicitFileType = wrapper.framework; includeInIndex = 0; path = Pods_Idee_App.framework; sourceTree = BUILT_PRODUCTS_DIR; };
		DF2367C761B378D6B52832B6 /* Pods-Alumni ID.development.xcconfig */ = {isa = PBXFileReference; includeInIndex = 1; lastKnownFileType = text.xcconfig; name = "Pods-Alumni ID.development.xcconfig"; path = "Target Support Files/Pods-Alumni ID/Pods-Alumni ID.development.xcconfig"; sourceTree = "<group>"; };
/* End PBXFileReference section */

/* Begin PBXFrameworksBuildPhase section */
		376B7F60245FC01E0065E7D7 /* Frameworks */ = {
			isa = PBXFrameworksBuildPhase;
			buildActionMask = 2147483647;
			files = (
				E2E80FC1A61A50E1C0CDAD70 /* Pods_Idee_App.framework in Frameworks */,
			);
			runOnlyForDeploymentPostprocessing = 0;
		};
		376B7F7F245FC0360065E7D7 /* Frameworks */ = {
			isa = PBXFrameworksBuildPhase;
			buildActionMask = 2147483647;
			files = (
				00F4421260B77C8ADBAA3D0F /* Pods_Alumni_ID.framework in Frameworks */,
			);
			runOnlyForDeploymentPostprocessing = 0;
		};
		376D4F212463B1FC00E51FED /* Frameworks */ = {
			isa = PBXFrameworksBuildPhase;
			buildActionMask = 2147483647;
			files = (
				376D4F262463B1FC00E51FED /* NotificationCenter.framework in Frameworks */,
			);
			runOnlyForDeploymentPostprocessing = 0;
		};
/* End PBXFrameworksBuildPhase section */

/* Begin PBXGroup section */
		376B7F5A245FC01E0065E7D7 = {
			isa = PBXGroup;
			children = (
				376D4F362463B4D200E51FED /* Alumni IDDebug.entitlements */,
				376B7F8F245FC1DC0065E7D7 /* Alumni IDDevelopment.entitlements */,
				376B7F65245FC01E0065E7D7 /* Idee App */,
				376D4F272463B1FC00E51FED /* Alumni ID Cards */,
				376B7F64245FC01E0065E7D7 /* Products */,
				376B7F88245FC0360065E7D7 /* Idee App copy-Info.plist */,
				993AD64684CC7B46E3994072 /* Pods */,
				FEA8C3EF9A8555F6FF5AEA23 /* Frameworks */,
			);
			sourceTree = "<group>";
		};
		376B7F64245FC01E0065E7D7 /* Products */ = {
			isa = PBXGroup;
			children = (
				376B7F63245FC01E0065E7D7 /* Idee App.app */,
				376B7F87245FC0360065E7D7 /* Alumni ID.app */,
				376D4F242463B1FC00E51FED /* Alumni ID Cards.appex */,
			);
			name = Products;
			sourceTree = "<group>";
		};
		376B7F65245FC01E0065E7D7 /* Idee App */ = {
			isa = PBXGroup;
			children = (
				376B7F66245FC01E0065E7D7 /* AppDelegate.swift */,
				376B7F68245FC01E0065E7D7 /* SceneDelegate.swift */,
				376B7F6A245FC01E0065E7D7 /* ViewController.swift */,
				376B7F6C245FC01E0065E7D7 /* Main.storyboard */,
				376B7F6F245FC01E0065E7D7 /* Assets.xcassets */,
				376B7F71245FC01E0065E7D7 /* LaunchScreen.storyboard */,
				376B7F74245FC01E0065E7D7 /* Info.plist */,
			);
			path = "Idee App";
			sourceTree = "<group>";
		};
		376D4F272463B1FC00E51FED /* Alumni ID Cards */ = {
			isa = PBXGroup;
			children = (
				376D4F382463B4F400E51FED /* Alumni ID CardsDevelopment.entitlements */,
				376D4F372463B4DE00E51FED /* Alumni ID CardsDebug.entitlements */,
				376D4F282463B1FC00E51FED /* TodayViewController.swift */,
				376D4F2A2463B1FC00E51FED /* MainInterface.storyboard */,
				376D4F2D2463B1FC00E51FED /* Info.plist */,
			);
			path = "Alumni ID Cards";
			sourceTree = "<group>";
		};
		993AD64684CC7B46E3994072 /* Pods */ = {
			isa = PBXGroup;
			children = (
				036EB9FA5C9DC1E6424DA9B7 /* Pods-Alumni ID.debug.xcconfig */,
				DF2367C761B378D6B52832B6 /* Pods-Alumni ID.development.xcconfig */,
				A6BDC5774C9E47BB4D77E2E3 /* Pods-Alumni ID.release.xcconfig */,
				94EB9E372E5C585BD9D74417 /* Pods-Idee App.debug.xcconfig */,
				208B014D0A4C023BB3465465 /* Pods-Idee App.development.xcconfig */,
				25E1E2EAD67A26B4A7BA7692 /* Pods-Idee App.release.xcconfig */,
			);
			path = Pods;
			sourceTree = "<group>";
		};
		FEA8C3EF9A8555F6FF5AEA23 /* Frameworks */ = {
			isa = PBXGroup;
			children = (
				C7E626B551B625DBB0337E8F /* Pods_Alumni_ID.framework */,
				CC3CFD3B19103E5E51369CA2 /* Pods_Idee_App.framework */,
				376D4F252463B1FC00E51FED /* NotificationCenter.framework */,
			);
			name = Frameworks;
			sourceTree = "<group>";
		};
/* End PBXGroup section */

/* Begin PBXNativeTarget section */
		376B7F62245FC01E0065E7D7 /* Idee App */ = {
			isa = PBXNativeTarget;
			buildConfigurationList = 376B7F77245FC01E0065E7D7 /* Build configuration list for PBXNativeTarget "Idee App" */;
			buildPhases = (
				C4EE40A749CED7AC909939C7 /* [CP] Check Pods Manifest.lock */,
				376B7F5F245FC01E0065E7D7 /* Sources */,
				376B7F60245FC01E0065E7D7 /* Frameworks */,
				376B7F61245FC01E0065E7D7 /* Resources */,
			);
			buildRules = (
			);
			dependencies = (
			);
			name = "Idee App";
			productName = "Idee App";
			productReference = 376B7F63245FC01E0065E7D7 /* Idee App.app */;
			productType = "com.apple.product-type.application";
		};
		376B7F7A245FC0360065E7D7 /* Alumni ID */ = {
			isa = PBXNativeTarget;
			buildConfigurationList = 376B7F84245FC0360065E7D7 /* Build configuration list for PBXNativeTarget "Alumni ID" */;
			buildPhases = (
				3A776D33078EF222B3DE1E3E /* [CP] Check Pods Manifest.lock */,
				376B7F7B245FC0360065E7D7 /* Sources */,
				376B7F7F245FC0360065E7D7 /* Frameworks */,
				376B7F80245FC0360065E7D7 /* Resources */,
				A1E0ECBE30AE8DE993919AD9 /* [CP] Embed Pods Frameworks */,
				376D4F312463B1FC00E51FED /* Embed App Extensions */,
			);
			buildRules = (
			);
			dependencies = (
				376D4F2F2463B1FC00E51FED /* PBXTargetDependency */,
			);
			name = "Alumni ID";
			productName = "Idee App";
			productReference = 376B7F87245FC0360065E7D7 /* Alumni ID.app */;
			productType = "com.apple.product-type.application";
		};
		376D4F232463B1FC00E51FED /* Alumni ID Cards */ = {
			isa = PBXNativeTarget;
			buildConfigurationList = 376D4F352463B1FC00E51FED /* Build configuration list for PBXNativeTarget "Alumni ID Cards" */;
			buildPhases = (
				376D4F202463B1FC00E51FED /* Sources */,
				376D4F212463B1FC00E51FED /* Frameworks */,
				376D4F222463B1FC00E51FED /* Resources */,
			);
			buildRules = (
			);
			dependencies = (
			);
			name = "Alumni ID Cards";
			productName = "Alumni ID Cards";
			productReference = 376D4F242463B1FC00E51FED /* Alumni ID Cards.appex */;
			productType = "com.apple.product-type.app-extension";
		};
/* End PBXNativeTarget section */

/* Begin PBXProject section */
		376B7F5B245FC01E0065E7D7 /* Project object */ = {
			isa = PBXProject;
			attributes = {
				LastSwiftUpdateCheck = 1120;
				LastUpgradeCheck = 1120;
				ORGANIZATIONNAME = ID123;
				TargetAttributes = {
					376B7F62245FC01E0065E7D7 = {
						CreatedOnToolsVersion = 11.2.1;
					};
					376D4F232463B1FC00E51FED = {
						CreatedOnToolsVersion = 11.2.1;
					};
				};
			};
			buildConfigurationList = 376B7F5E245FC01E0065E7D7 /* Build configuration list for PBXProject "Idee App" */;
			compatibilityVersion = "Xcode 9.3";
			developmentRegion = en;
			hasScannedForEncodings = 0;
			knownRegions = (
				en,
				Base,
			);
			mainGroup = 376B7F5A245FC01E0065E7D7;
			productRefGroup = 376B7F64245FC01E0065E7D7 /* Products */;
			projectDirPath = "";
			projectRoot = "";
			targets = (
				376B7F62245FC01E0065E7D7 /* Idee App */,
				376B7F7A245FC0360065E7D7 /* Alumni ID */,
				376D4F232463B1FC00E51FED /* Alumni ID Cards */,
			);
		};
/* End PBXProject section */

/* Begin PBXResourcesBuildPhase section */
		376B7F61245FC01E0065E7D7 /* Resources */ = {
			isa = PBXResourcesBuildPhase;
			buildActionMask = 2147483647;
			files = (
				376B7F73245FC01E0065E7D7 /* LaunchScreen.storyboard in Resources */,
				376B7F70245FC01E0065E7D7 /* Assets.xcassets in Resources */,
				376B7F6E245FC01E0065E7D7 /* Main.storyboard in Resources */,
			);
			runOnlyForDeploymentPostprocessing = 0;
		};
		376B7F80245FC0360065E7D7 /* Resources */ = {
			isa = PBXResourcesBuildPhase;
			buildActionMask = 2147483647;
			files = (
				376B7F81245FC0360065E7D7 /* LaunchScreen.storyboard in Resources */,
				376B7F82245FC0360065E7D7 /* Assets.xcassets in Resources */,
				376B7F83245FC0360065E7D7 /* Main.storyboard in Resources */,
			);
			runOnlyForDeploymentPostprocessing = 0;
		};
		376D4F222463B1FC00E51FED /* Resources */ = {
			isa = PBXResourcesBuildPhase;
			buildActionMask = 2147483647;
			files = (
				376D4F2C2463B1FC00E51FED /* MainInterface.storyboard in Resources */,
			);
			runOnlyForDeploymentPostprocessing = 0;
		};
/* End PBXResourcesBuildPhase section */

/* Begin PBXShellScriptBuildPhase section */
		3A776D33078EF222B3DE1E3E /* [CP] Check Pods Manifest.lock */ = {
			isa = PBXShellScriptBuildPhase;
			buildActionMask = 2147483647;
			files = (
			);
			inputFileListPaths = (
			);
			inputPaths = (
				"${PODS_PODFILE_DIR_PATH}/Podfile.lock",
				"${PODS_ROOT}/Manifest.lock",
			);
			name = "[CP] Check Pods Manifest.lock";
			outputFileListPaths = (
			);
			outputPaths = (
				"$(DERIVED_FILE_DIR)/Pods-Alumni ID-checkManifestLockResult.txt",
			);
			runOnlyForDeploymentPostprocessing = 0;
			shellPath = /bin/sh;
			shellScript = "diff \"${PODS_PODFILE_DIR_PATH}/Podfile.lock\" \"${PODS_ROOT}/Manifest.lock\" > /dev/null\nif [ $? != 0 ] ; then\n    # print error to STDERR\n    echo \"error: The sandbox is not in sync with the Podfile.lock. Run 'pod install' or update your CocoaPods installation.\" >&2\n    exit 1\nfi\n# This output is used by Xcode 'outputs' to avoid re-running this script phase.\necho \"SUCCESS\" > \"${SCRIPT_OUTPUT_FILE_0}\"\n";
			showEnvVarsInLog = 0;
		};
		A1E0ECBE30AE8DE993919AD9 /* [CP] Embed Pods Frameworks */ = {
			isa = PBXShellScriptBuildPhase;
			buildActionMask = 2147483647;
			files = (
			);
			inputFileListPaths = (
				"${PODS_ROOT}/Target Support Files/Pods-Alumni ID/Pods-Alumni ID-frameworks-${CONFIGURATION}-input-files.xcfilelist",
			);
			name = "[CP] Embed Pods Frameworks";
			outputFileListPaths = (
				"${PODS_ROOT}/Target Support Files/Pods-Alumni ID/Pods-Alumni ID-frameworks-${CONFIGURATION}-output-files.xcfilelist",
			);
			runOnlyForDeploymentPostprocessing = 0;
			shellPath = /bin/sh;
			shellScript = "\"${PODS_ROOT}/Target Support Files/Pods-Alumni ID/Pods-Alumni ID-frameworks.sh\"\n";
			showEnvVarsInLog = 0;
		};
		C4EE40A749CED7AC909939C7 /* [CP] Check Pods Manifest.lock */ = {
			isa = PBXShellScriptBuildPhase;
			buildActionMask = 2147483647;
			files = (
			);
			inputFileListPaths = (
			);
			inputPaths = (
				"${PODS_PODFILE_DIR_PATH}/Podfile.lock",
				"${PODS_ROOT}/Manifest.lock",
			);
			name = "[CP] Check Pods Manifest.lock";
			outputFileListPaths = (
			);
			outputPaths = (
				"$(DERIVED_FILE_DIR)/Pods-Idee App-checkManifestLockResult.txt",
			);
			runOnlyForDeploymentPostprocessing = 0;
			shellPath = /bin/sh;
			shellScript = "diff \"${PODS_PODFILE_DIR_PATH}/Podfile.lock\" \"${PODS_ROOT}/Manifest.lock\" > /dev/null\nif [ $? != 0 ] ; then\n    # print error to STDERR\n    echo \"error: The sandbox is not in sync with the Podfile.lock. Run 'pod install' or update your CocoaPods installation.\" >&2\n    exit 1\nfi\n# This output is used by Xcode 'outputs' to avoid re-running this script phase.\necho \"SUCCESS\" > \"${SCRIPT_OUTPUT_FILE_0}\"\n";
			showEnvVarsInLog = 0;
		};
/* End PBXShellScriptBuildPhase section */

/* Begin PBXSourcesBuildPhase section */
		376B7F5F245FC01E0065E7D7 /* Sources */ = {
			isa = PBXSourcesBuildPhase;
			buildActionMask = 2147483647;
			files = (
				376B7F6B245FC01E0065E7D7 /* ViewController.swift in Sources */,
				376B7F67245FC01E0065E7D7 /* AppDelegate.swift in Sources */,
				376B7F69245FC01E0065E7D7 /* SceneDelegate.swift in Sources */,
			);
			runOnlyForDeploymentPostprocessing = 0;
		};
		376B7F7B245FC0360065E7D7 /* Sources */ = {
			isa = PBXSourcesBuildPhase;
			buildActionMask = 2147483647;
			files = (
				376B7F7C245FC0360065E7D7 /* ViewController.swift in Sources */,
				376B7F7D245FC0360065E7D7 /* AppDelegate.swift in Sources */,
				376B7F7E245FC0360065E7D7 /* SceneDelegate.swift in Sources */,
			);
			runOnlyForDeploymentPostprocessing = 0;
		};
		376D4F202463B1FC00E51FED /* Sources */ = {
			isa = PBXSourcesBuildPhase;
			buildActionMask = 2147483647;
			files = (
				376D4F292463B1FC00E51FED /* TodayViewController.swift in Sources */,
			);
			runOnlyForDeploymentPostprocessing = 0;
		};
/* End PBXSourcesBuildPhase section */

/* Begin PBXTargetDependency section */
		376D4F2F2463B1FC00E51FED /* PBXTargetDependency */ = {
			isa = PBXTargetDependency;
			target = 376D4F232463B1FC00E51FED /* Alumni ID Cards */;
			targetProxy = 376D4F2E2463B1FC00E51FED /* PBXContainerItemProxy */;
		};
/* End PBXTargetDependency section */

/* Begin PBXVariantGroup section */
		376B7F6C245FC01E0065E7D7 /* Main.storyboard */ = {
			isa = PBXVariantGroup;
			children = (
				376B7F6D245FC01E0065E7D7 /* Base */,
			);
			name = Main.storyboard;
			sourceTree = "<group>";
		};
		376B7F71245FC01E0065E7D7 /* LaunchScreen.storyboard */ = {
			isa = PBXVariantGroup;
			children = (
				376B7F72245FC01E0065E7D7 /* Base */,
			);
			name = LaunchScreen.storyboard;
			sourceTree = "<group>";
		};
		376D4F2A2463B1FC00E51FED /* MainInterface.storyboard */ = {
			isa = PBXVariantGroup;
			children = (
				376D4F2B2463B1FC00E51FED /* Base */,
			);
			name = MainInterface.storyboard;
			sourceTree = "<group>";
		};
/* End PBXVariantGroup section */

/* Begin XCBuildConfiguration section */
		376B7F75245FC01E0065E7D7 /* Debug */ = {
			isa = XCBuildConfiguration;
			buildSettings = {
				ALWAYS_SEARCH_USER_PATHS = NO;
				CLANG_ANALYZER_NONNULL = YES;
				CLANG_ANALYZER_NUMBER_OBJECT_CONVERSION = YES_AGGRESSIVE;
				CLANG_CXX_LANGUAGE_STANDARD = "gnu++14";
				CLANG_CXX_LIBRARY = "libc++";
				CLANG_ENABLE_MODULES = YES;
				CLANG_ENABLE_OBJC_ARC = YES;
				CLANG_ENABLE_OBJC_WEAK = YES;
				CLANG_WARN_BLOCK_CAPTURE_AUTORELEASING = YES;
				CLANG_WARN_BOOL_CONVERSION = YES;
				CLANG_WARN_COMMA = YES;
				CLANG_WARN_CONSTANT_CONVERSION = YES;
				CLANG_WARN_DEPRECATED_OBJC_IMPLEMENTATIONS = YES;
				CLANG_WARN_DIRECT_OBJC_ISA_USAGE = YES_ERROR;
				CLANG_WARN_DOCUMENTATION_COMMENTS = YES;
				CLANG_WARN_EMPTY_BODY = YES;
				CLANG_WARN_ENUM_CONVERSION = YES;
				CLANG_WARN_INFINITE_RECURSION = YES;
				CLANG_WARN_INT_CONVERSION = YES;
				CLANG_WARN_NON_LITERAL_NULL_CONVERSION = YES;
				CLANG_WARN_OBJC_IMPLICIT_RETAIN_SELF = YES;
				CLANG_WARN_OBJC_LITERAL_CONVERSION = YES;
				CLANG_WARN_OBJC_ROOT_CLASS = YES_ERROR;
				CLANG_WARN_RANGE_LOOP_ANALYSIS = YES;
				CLANG_WARN_STRICT_PROTOTYPES = YES;
				CLANG_WARN_SUSPICIOUS_MOVE = YES;
				CLANG_WARN_UNGUARDED_AVAILABILITY = YES_AGGRESSIVE;
				CLANG_WARN_UNREACHABLE_CODE = YES;
				CLANG_WARN__DUPLICATE_METHOD_MATCH = YES;
				COPY_PHASE_STRIP = NO;
				DEBUG_INFORMATION_FORMAT = dwarf;
				ENABLE_STRICT_OBJC_MSGSEND = YES;
				ENABLE_TESTABILITY = YES;
				GCC_C_LANGUAGE_STANDARD = gnu11;
				GCC_DYNAMIC_NO_PIC = NO;
				GCC_NO_COMMON_BLOCKS = YES;
				GCC_OPTIMIZATION_LEVEL = 0;
				GCC_PREPROCESSOR_DEFINITIONS = (
					"DEBUG=1",
					"$(inherited)",
				);
				GCC_WARN_64_TO_32_BIT_CONVERSION = YES;
				GCC_WARN_ABOUT_RETURN_TYPE = YES_ERROR;
				GCC_WARN_UNDECLARED_SELECTOR = YES;
				GCC_WARN_UNINITIALIZED_AUTOS = YES_AGGRESSIVE;
				GCC_WARN_UNUSED_FUNCTION = YES;
				GCC_WARN_UNUSED_VARIABLE = YES;
				IPHONEOS_DEPLOYMENT_TARGET = 13.2;
				MTL_ENABLE_DEBUG_INFO = INCLUDE_SOURCE;
				MTL_FAST_MATH = YES;
				ONLY_ACTIVE_ARCH = YES;
				SDKROOT = iphoneos;
				SWIFT_ACTIVE_COMPILATION_CONDITIONS = DEBUG;
				SWIFT_OPTIMIZATION_LEVEL = "-Onone";
			};
			name = Debug;
		};
		376B7F76245FC01E0065E7D7 /* Release */ = {
			isa = XCBuildConfiguration;
			buildSettings = {
				ALWAYS_SEARCH_USER_PATHS = NO;
				CLANG_ANALYZER_NONNULL = YES;
				CLANG_ANALYZER_NUMBER_OBJECT_CONVERSION = YES_AGGRESSIVE;
				CLANG_CXX_LANGUAGE_STANDARD = "gnu++14";
				CLANG_CXX_LIBRARY = "libc++";
				CLANG_ENABLE_MODULES = YES;
				CLANG_ENABLE_OBJC_ARC = YES;
				CLANG_ENABLE_OBJC_WEAK = YES;
				CLANG_WARN_BLOCK_CAPTURE_AUTORELEASING = YES;
				CLANG_WARN_BOOL_CONVERSION = YES;
				CLANG_WARN_COMMA = YES;
				CLANG_WARN_CONSTANT_CONVERSION = YES;
				CLANG_WARN_DEPRECATED_OBJC_IMPLEMENTATIONS = YES;
				CLANG_WARN_DIRECT_OBJC_ISA_USAGE = YES_ERROR;
				CLANG_WARN_DOCUMENTATION_COMMENTS = YES;
				CLANG_WARN_EMPTY_BODY = YES;
				CLANG_WARN_ENUM_CONVERSION = YES;
				CLANG_WARN_INFINITE_RECURSION = YES;
				CLANG_WARN_INT_CONVERSION = YES;
				CLANG_WARN_NON_LITERAL_NULL_CONVERSION = YES;
				CLANG_WARN_OBJC_IMPLICIT_RETAIN_SELF = YES;
				CLANG_WARN_OBJC_LITERAL_CONVERSION = YES;
				CLANG_WARN_OBJC_ROOT_CLASS = YES_ERROR;
				CLANG_WARN_RANGE_LOOP_ANALYSIS = YES;
				CLANG_WARN_STRICT_PROTOTYPES = YES;
				CLANG_WARN_SUSPICIOUS_MOVE = YES;
				CLANG_WARN_UNGUARDED_AVAILABILITY = YES_AGGRESSIVE;
				CLANG_WARN_UNREACHABLE_CODE = YES;
				CLANG_WARN__DUPLICATE_METHOD_MATCH = YES;
				COPY_PHASE_STRIP = NO;
				DEBUG_INFORMATION_FORMAT = "dwarf-with-dsym";
				ENABLE_NS_ASSERTIONS = NO;
				ENABLE_STRICT_OBJC_MSGSEND = YES;
				GCC_C_LANGUAGE_STANDARD = gnu11;
				GCC_NO_COMMON_BLOCKS = YES;
				GCC_WARN_64_TO_32_BIT_CONVERSION = YES;
				GCC_WARN_ABOUT_RETURN_TYPE = YES_ERROR;
				GCC_WARN_UNDECLARED_SELECTOR = YES;
				GCC_WARN_UNINITIALIZED_AUTOS = YES_AGGRESSIVE;
				GCC_WARN_UNUSED_FUNCTION = YES;
				GCC_WARN_UNUSED_VARIABLE = YES;
				IPHONEOS_DEPLOYMENT_TARGET = 13.2;
				MTL_ENABLE_DEBUG_INFO = NO;
				MTL_FAST_MATH = YES;
				SDKROOT = iphoneos;
				SWIFT_COMPILATION_MODE = wholemodule;
				SWIFT_OPTIMIZATION_LEVEL = "-O";
				VALIDATE_PRODUCT = YES;
			};
			name = Release;
		};
		376B7F78245FC01E0065E7D7 /* Debug */ = {
			isa = XCBuildConfiguration;
			baseConfigurationReference = 94EB9E372E5C585BD9D74417 /* Pods-Idee App.debug.xcconfig */;
			buildSettings = {
				ASSETCATALOG_COMPILER_APPICON_NAME = AppIcon;
				CODE_SIGN_STYLE = Automatic;
				INFOPLIST_FILE = "Idee App/Info.plist";
				LD_RUNPATH_SEARCH_PATHS = (
					"$(inherited)",
					"@executable_path/Frameworks",
				);
				PRODUCT_BUNDLE_IDENTIFIER = "io.id123.alumniid.Idee-App";
				PRODUCT_NAME = "$(TARGET_NAME)";
				SWIFT_VERSION = 5.0;
				TARGETED_DEVICE_FAMILY = "1,2";
			};
			name = Debug;
		};
		376B7F79245FC01E0065E7D7 /* Release */ = {
			isa = XCBuildConfiguration;
			baseConfigurationReference = 25E1E2EAD67A26B4A7BA7692 /* Pods-Idee App.release.xcconfig */;
			buildSettings = {
				ASSETCATALOG_COMPILER_APPICON_NAME = AppIcon;
				CODE_SIGN_STYLE = Automatic;
				INFOPLIST_FILE = "Idee App/Info.plist";
				LD_RUNPATH_SEARCH_PATHS = (
					"$(inherited)",
					"@executable_path/Frameworks",
				);
				PRODUCT_BUNDLE_IDENTIFIER = "io.id123.alumniid.Idee-App";
				PRODUCT_NAME = "$(TARGET_NAME)";
				SWIFT_VERSION = 5.0;
				TARGETED_DEVICE_FAMILY = "1,2";
			};
			name = Release;
		};
		376B7F85245FC0360065E7D7 /* Debug */ = {
			isa = XCBuildConfiguration;
			baseConfigurationReference = 036EB9FA5C9DC1E6424DA9B7 /* Pods-Alumni ID.debug.xcconfig */;
			buildSettings = {
				ALWAYS_EMBED_SWIFT_STANDARD_LIBRARIES = YES;
				ASSETCATALOG_COMPILER_APPICON_NAME = AppIcon;
				CODE_SIGN_ENTITLEMENTS = "Alumni IDDebug.entitlements";
				CODE_SIGN_IDENTITY = "iPhone Developer: Samir Bhide (28VH3T2NRF)";
				CODE_SIGN_STYLE = Manual;
				DEVELOPMENT_TEAM = 6SPCVN67S3;
				INFOPLIST_FILE = "Idee App copy-Info.plist";
				LD_RUNPATH_SEARCH_PATHS = (
					"$(inherited)",
					"@executable_path/Frameworks",
				);
				PRODUCT_BUNDLE_IDENTIFIER = io.id123.alumniid.dev;
				PRODUCT_NAME = "Alumni ID";
				PROVISIONING_PROFILE_SPECIFIER = "Alumni ID Debug";
				SWIFT_VERSION = 5.0;
				TARGETED_DEVICE_FAMILY = "1,2";
			};
			name = Debug;
		};
		376B7F86245FC0360065E7D7 /* Release */ = {
			isa = XCBuildConfiguration;
			baseConfigurationReference = A6BDC5774C9E47BB4D77E2E3 /* Pods-Alumni ID.release.xcconfig */;
			buildSettings = {
				ALWAYS_EMBED_SWIFT_STANDARD_LIBRARIES = YES;
				ASSETCATALOG_COMPILER_APPICON_NAME = AppIcon;
				CODE_SIGN_STYLE = Manual;
				INFOPLIST_FILE = "Idee App copy-Info.plist";
				LD_RUNPATH_SEARCH_PATHS = (
					"$(inherited)",
					"@executable_path/Frameworks",
				);
				PRODUCT_BUNDLE_IDENTIFIER = io.id123.alumniid;
				PRODUCT_NAME = "Alumni ID";
				SWIFT_VERSION = 5.0;
				TARGETED_DEVICE_FAMILY = "1,2";
			};
			name = Release;
		};
		376B7F8C245FC0E90065E7D7 /* Development */ = {
			isa = XCBuildConfiguration;
			buildSettings = {
				ALWAYS_SEARCH_USER_PATHS = NO;
				CLANG_ANALYZER_NONNULL = YES;
				CLANG_ANALYZER_NUMBER_OBJECT_CONVERSION = YES_AGGRESSIVE;
				CLANG_CXX_LANGUAGE_STANDARD = "gnu++14";
				CLANG_CXX_LIBRARY = "libc++";
				CLANG_ENABLE_MODULES = YES;
				CLANG_ENABLE_OBJC_ARC = YES;
				CLANG_ENABLE_OBJC_WEAK = YES;
				CLANG_WARN_BLOCK_CAPTURE_AUTORELEASING = YES;
				CLANG_WARN_BOOL_CONVERSION = YES;
				CLANG_WARN_COMMA = YES;
				CLANG_WARN_CONSTANT_CONVERSION = YES;
				CLANG_WARN_DEPRECATED_OBJC_IMPLEMENTATIONS = YES;
				CLANG_WARN_DIRECT_OBJC_ISA_USAGE = YES_ERROR;
				CLANG_WARN_DOCUMENTATION_COMMENTS = YES;
				CLANG_WARN_EMPTY_BODY = YES;
				CLANG_WARN_ENUM_CONVERSION = YES;
				CLANG_WARN_INFINITE_RECURSION = YES;
				CLANG_WARN_INT_CONVERSION = YES;
				CLANG_WARN_NON_LITERAL_NULL_CONVERSION = YES;
				CLANG_WARN_OBJC_IMPLICIT_RETAIN_SELF = YES;
				CLANG_WARN_OBJC_LITERAL_CONVERSION = YES;
				CLANG_WARN_OBJC_ROOT_CLASS = YES_ERROR;
				CLANG_WARN_RANGE_LOOP_ANALYSIS = YES;
				CLANG_WARN_STRICT_PROTOTYPES = YES;
				CLANG_WARN_SUSPICIOUS_MOVE = YES;
				CLANG_WARN_UNGUARDED_AVAILABILITY = YES_AGGRESSIVE;
				CLANG_WARN_UNREACHABLE_CODE = YES;
				CLANG_WARN__DUPLICATE_METHOD_MATCH = YES;
				COPY_PHASE_STRIP = NO;
				DEBUG_INFORMATION_FORMAT = dwarf;
				ENABLE_STRICT_OBJC_MSGSEND = YES;
				ENABLE_TESTABILITY = YES;
				GCC_C_LANGUAGE_STANDARD = gnu11;
				GCC_DYNAMIC_NO_PIC = NO;
				GCC_NO_COMMON_BLOCKS = YES;
				GCC_OPTIMIZATION_LEVEL = 0;
				GCC_PREPROCESSOR_DEFINITIONS = (
					"DEBUG=1",
					"$(inherited)",
				);
				GCC_WARN_64_TO_32_BIT_CONVERSION = YES;
				GCC_WARN_ABOUT_RETURN_TYPE = YES_ERROR;
				GCC_WARN_UNDECLARED_SELECTOR = YES;
				GCC_WARN_UNINITIALIZED_AUTOS = YES_AGGRESSIVE;
				GCC_WARN_UNUSED_FUNCTION = YES;
				GCC_WARN_UNUSED_VARIABLE = YES;
				IPHONEOS_DEPLOYMENT_TARGET = 13.2;
				MTL_ENABLE_DEBUG_INFO = INCLUDE_SOURCE;
				MTL_FAST_MATH = YES;
				ONLY_ACTIVE_ARCH = YES;
				SDKROOT = iphoneos;
				SWIFT_ACTIVE_COMPILATION_CONDITIONS = DEBUG;
				SWIFT_OPTIMIZATION_LEVEL = "-Onone";
			};
			name = Development;
		};
		376B7F8D245FC0E90065E7D7 /* Development */ = {
			isa = XCBuildConfiguration;
			baseConfigurationReference = 208B014D0A4C023BB3465465 /* Pods-Idee App.development.xcconfig */;
			buildSettings = {
				ASSETCATALOG_COMPILER_APPICON_NAME = AppIcon;
				CODE_SIGN_STYLE = Manual;
				DEVELOPMENT_TEAM = "";
				INFOPLIST_FILE = "Idee App/Info.plist";
				LD_RUNPATH_SEARCH_PATHS = (
					"$(inherited)",
					"@executable_path/Frameworks",
				);
				PRODUCT_BUNDLE_IDENTIFIER = "io.id123.alumniid.Idee-App";
				PRODUCT_NAME = "$(TARGET_NAME)";
				PROVISIONING_PROFILE_SPECIFIER = "";
				SWIFT_VERSION = 5.0;
				TARGETED_DEVICE_FAMILY = "1,2";
			};
			name = Development;
		};
		376B7F8E245FC0E90065E7D7 /* Development */ = {
			isa = XCBuildConfiguration;
			baseConfigurationReference = DF2367C761B378D6B52832B6 /* Pods-Alumni ID.development.xcconfig */;
			buildSettings = {
				ALWAYS_EMBED_SWIFT_STANDARD_LIBRARIES = YES;
				ASSETCATALOG_COMPILER_APPICON_NAME = AppIcon;
				CODE_SIGN_ENTITLEMENTS = "Alumni IDDevelopment.entitlements";
				CODE_SIGN_IDENTITY = "iPhone Distribution: ID123 Inc. (6SPCVN67S3)";
				CODE_SIGN_STYLE = Manual;
				DEVELOPMENT_TEAM = 6SPCVN67S3;
				INFOPLIST_FILE = "Idee App copy-Info.plist";
				LD_RUNPATH_SEARCH_PATHS = (
					"$(inherited)",
					"@executable_path/Frameworks",
				);
				PRODUCT_BUNDLE_IDENTIFIER = io.id123.alumniid.dev;
				PRODUCT_NAME = "Alumni ID";
				PROVISIONING_PROFILE_SPECIFIER = "Alumni ID Development";
				SWIFT_VERSION = 5.0;
				TARGETED_DEVICE_FAMILY = "1,2";
			};
			name = Development;
		};
		376D4F322463B1FC00E51FED /* Debug */ = {
			isa = XCBuildConfiguration;
			buildSettings = {
				CODE_SIGN_ENTITLEMENTS = "Alumni ID Cards/Alumni ID CardsDebug.entitlements";
				CODE_SIGN_IDENTITY = "iPhone Developer: Samir Bhide (28VH3T2NRF)";
				CODE_SIGN_STYLE = Manual;
				DEVELOPMENT_TEAM = 6SPCVN67S3;
				INFOPLIST_FILE = "Alumni ID Cards/Info.plist";
				LD_RUNPATH_SEARCH_PATHS = (
					"$(inherited)",
					"@executable_path/Frameworks",
					"@executable_path/../../Frameworks",
				);
				PRODUCT_BUNDLE_IDENTIFIER = io.id123.alumniid.dev.idcards;
				PRODUCT_NAME = "$(TARGET_NAME)";
				PROVISIONING_PROFILE_SPECIFIER = "Alumni ID Card Widget Debug";
				SKIP_INSTALL = YES;
				SWIFT_VERSION = 5.0;
				TARGETED_DEVICE_FAMILY = "1,2";
			};
			name = Debug;
		};
		376D4F332463B1FC00E51FED /* Development */ = {
			isa = XCBuildConfiguration;
			buildSettings = {
				CODE_SIGN_ENTITLEMENTS = "Alumni ID Cards/Alumni ID CardsDevelopment.entitlements";
				CODE_SIGN_IDENTITY = "iPhone Distribution: ID123 Inc. (6SPCVN67S3)";
				CODE_SIGN_STYLE = Manual;
				DEVELOPMENT_TEAM = 6SPCVN67S3;
				INFOPLIST_FILE = "Alumni ID Cards/Info.plist";
				LD_RUNPATH_SEARCH_PATHS = (
					"$(inherited)",
					"@executable_path/Frameworks",
					"@executable_path/../../Frameworks",
				);
				PRODUCT_BUNDLE_IDENTIFIER = io.id123.alumniid.dev.idcards;
				PRODUCT_NAME = "$(TARGET_NAME)";
				PROVISIONING_PROFILE_SPECIFIER = "Alumni ID Cards Widget Development";
				SKIP_INSTALL = YES;
				SWIFT_VERSION = 5.0;
				TARGETED_DEVICE_FAMILY = "1,2";
			};
			name = Development;
		};
		376D4F342463B1FC00E51FED /* Release */ = {
			isa = XCBuildConfiguration;
			buildSettings = {
				CODE_SIGN_STYLE = Automatic;
				INFOPLIST_FILE = "Alumni ID Cards/Info.plist";
				LD_RUNPATH_SEARCH_PATHS = (
					"$(inherited)",
					"@executable_path/Frameworks",
					"@executable_path/../../Frameworks",
				);
				PRODUCT_BUNDLE_IDENTIFIER = "io.id123.alumniid.Alumni-ID-Cards";
				PRODUCT_NAME = "$(TARGET_NAME)";
				SKIP_INSTALL = YES;
				SWIFT_VERSION = 5.0;
				TARGETED_DEVICE_FAMILY = "1,2";
			};
			name = Release;
		};
/* End XCBuildConfiguration section */

/* Begin XCConfigurationList section */
		376B7F5E245FC01E0065E7D7 /* Build configuration list for PBXProject "Idee App" */ = {
			isa = XCConfigurationList;
			buildConfigurations = (
				376B7F75245FC01E0065E7D7 /* Debug */,
				376B7F8C245FC0E90065E7D7 /* Development */,
				376B7F76245FC01E0065E7D7 /* Release */,
			);
			defaultConfigurationIsVisible = 0;
			defaultConfigurationName = Release;
		};
		376B7F77245FC01E0065E7D7 /* Build configuration list for PBXNativeTarget "Idee App" */ = {
			isa = XCConfigurationList;
			buildConfigurations = (
				376B7F78245FC01E0065E7D7 /* Debug */,
				376B7F8D245FC0E90065E7D7 /* Development */,
				376B7F79245FC01E0065E7D7 /* Release */,
			);
			defaultConfigurationIsVisible = 0;
			defaultConfigurationName = Release;
		};
		376B7F84245FC0360065E7D7 /* Build configuration list for PBXNativeTarget "Alumni ID" */ = {
			isa = XCConfigurationList;
			buildConfigurations = (
				376B7F85245FC0360065E7D7 /* Debug */,
				376B7F8E245FC0E90065E7D7 /* Development */,
				376B7F86245FC0360065E7D7 /* Release */,
			);
			defaultConfigurationIsVisible = 0;
			defaultConfigurationName = Release;
		};
		376D4F352463B1FC00E51FED /* Build configuration list for PBXNativeTarget "Alumni ID Cards" */ = {
			isa = XCConfigurationList;
			buildConfigurations = (
				376D4F322463B1FC00E51FED /* Debug */,
				376D4F332463B1FC00E51FED /* Development */,
				376D4F342463B1FC00E51FED /* Release */,
			);
			defaultConfigurationIsVisible = 0;
			defaultConfigurationName = Release;
		};
/* End XCConfigurationList section */
	};
	rootObject = 376B7F5B245FC01E0065E7D7 /* Project object */;
}
